
Microsoft Visual Studio Solution File, Format Version 12.00
# Visual Studio Version 16
VisualStudioVersion = 16.0.30114.105
MinimumVisualStudioVersion = 10.0.40219.1

Project("{FAE04EC0-301F-11D3-BF4B-00C04F79EFBC}") = "Leap_Year", "Leap_Year\Leap_Year.csproj", "{1FE89F15-00D0-4659-80B3-ECA5896F7579}"
EndProject
Project("{FAE04EC0-301F-11D3-BF4B-00C04F79EFBC}") = "Leap_Year.Test", "Leap_Year.Test\Leap_Year.Test.csproj", "{CE5DE50B-2853-4FE2-99E0-1004CD028995}"
EndProject
Project("{FAE04EC0-301F-11D3-BF4B-00C04F79EFBC}") = "Task_4", "Task_4\Task_4.csproj", "{8987C8CF-CB21-4804-9D2D-201BBA0F16A5}"
EndProject
Project("{FAE04EC0-301F-11D3-BF4B-00C04F79EFBC}") = "Task_4.Tests", "Task_4.Tests\Task_4.Tests.csproj", "{31F56431-2A88-44AA-A38C-9C3EBC8F988D}"

EndProject
Global
	GlobalSection(SolutionConfigurationPlatforms) = preSolution
		Debug|Any CPU = Debug|Any CPU
		Debug|x64 = Debug|x64
		Debug|x86 = Debug|x86
		Release|Any CPU = Release|Any CPU
		Release|x64 = Release|x64
		Release|x86 = Release|x86
	EndGlobalSection
	GlobalSection(SolutionProperties) = preSolution
		HideSolutionNode = FALSE
	EndGlobalSection
	GlobalSection(ProjectConfigurationPlatforms) = postSolution
		{1FE89F15-00D0-4659-80B3-ECA5896F7579}.Debug|Any CPU.ActiveCfg = Debug|Any CPU
		{1FE89F15-00D0-4659-80B3-ECA5896F7579}.Debug|Any CPU.Build.0 = Debug|Any CPU
		{1FE89F15-00D0-4659-80B3-ECA5896F7579}.Debug|x64.ActiveCfg = Debug|Any CPU
		{1FE89F15-00D0-4659-80B3-ECA5896F7579}.Debug|x64.Build.0 = Debug|Any CPU
		{1FE89F15-00D0-4659-80B3-ECA5896F7579}.Debug|x86.ActiveCfg = Debug|Any CPU
		{1FE89F15-00D0-4659-80B3-ECA5896F7579}.Debug|x86.Build.0 = Debug|Any CPU
		{1FE89F15-00D0-4659-80B3-ECA5896F7579}.Release|Any CPU.ActiveCfg = Release|Any CPU
		{1FE89F15-00D0-4659-80B3-ECA5896F7579}.Release|Any CPU.Build.0 = Release|Any CPU
		{1FE89F15-00D0-4659-80B3-ECA5896F7579}.Release|x64.ActiveCfg = Release|Any CPU
		{1FE89F15-00D0-4659-80B3-ECA5896F7579}.Release|x64.Build.0 = Release|Any CPU
		{1FE89F15-00D0-4659-80B3-ECA5896F7579}.Release|x86.ActiveCfg = Release|Any CPU
		{1FE89F15-00D0-4659-80B3-ECA5896F7579}.Release|x86.Build.0 = Release|Any CPU
		{CE5DE50B-2853-4FE2-99E0-1004CD028995}.Debug|Any CPU.ActiveCfg = Debug|Any CPU
		{CE5DE50B-2853-4FE2-99E0-1004CD028995}.Debug|Any CPU.Build.0 = Debug|Any CPU
		{CE5DE50B-2853-4FE2-99E0-1004CD028995}.Debug|x64.ActiveCfg = Debug|Any CPU
		{CE5DE50B-2853-4FE2-99E0-1004CD028995}.Debug|x64.Build.0 = Debug|Any CPU
		{CE5DE50B-2853-4FE2-99E0-1004CD028995}.Debug|x86.ActiveCfg = Debug|Any CPU
		{CE5DE50B-2853-4FE2-99E0-1004CD028995}.Debug|x86.Build.0 = Debug|Any CPU
		{CE5DE50B-2853-4FE2-99E0-1004CD028995}.Release|Any CPU.ActiveCfg = Release|Any CPU
		{CE5DE50B-2853-4FE2-99E0-1004CD028995}.Release|Any CPU.Build.0 = Release|Any CPU
		{CE5DE50B-2853-4FE2-99E0-1004CD028995}.Release|x64.ActiveCfg = Release|Any CPU
		{CE5DE50B-2853-4FE2-99E0-1004CD028995}.Release|x64.Build.0 = Release|Any CPU
		{CE5DE50B-2853-4FE2-99E0-1004CD028995}.Release|x86.ActiveCfg = Release|Any CPU
		{CE5DE50B-2853-4FE2-99E0-1004CD028995}.Release|x86.Build.0 = Release|Any CPU
		{8987C8CF-CB21-4804-9D2D-201BBA0F16A5}.Debug|Any CPU.ActiveCfg = Debug|Any CPU
		{8987C8CF-CB21-4804-9D2D-201BBA0F16A5}.Debug|Any CPU.Build.0 = Debug|Any CPU
		{8987C8CF-CB21-4804-9D2D-201BBA0F16A5}.Debug|x64.ActiveCfg = Debug|Any CPU
		{8987C8CF-CB21-4804-9D2D-201BBA0F16A5}.Debug|x64.Build.0 = Debug|Any CPU
		{8987C8CF-CB21-4804-9D2D-201BBA0F16A5}.Debug|x86.ActiveCfg = Debug|Any CPU
		{8987C8CF-CB21-4804-9D2D-201BBA0F16A5}.Debug|x86.Build.0 = Debug|Any CPU
		{8987C8CF-CB21-4804-9D2D-201BBA0F16A5}.Release|Any CPU.ActiveCfg = Release|Any CPU
		{8987C8CF-CB21-4804-9D2D-201BBA0F16A5}.Release|Any CPU.Build.0 = Release|Any CPU
		{8987C8CF-CB21-4804-9D2D-201BBA0F16A5}.Release|x64.ActiveCfg = Release|Any CPU
		{8987C8CF-CB21-4804-9D2D-201BBA0F16A5}.Release|x64.Build.0 = Release|Any CPU
		{8987C8CF-CB21-4804-9D2D-201BBA0F16A5}.Release|x86.ActiveCfg = Release|Any CPU
		{8987C8CF-CB21-4804-9D2D-201BBA0F16A5}.Release|x86.Build.0 = Release|Any CPU
		{31F56431-2A88-44AA-A38C-9C3EBC8F988D}.Debug|Any CPU.ActiveCfg = Debug|Any CPU
		{31F56431-2A88-44AA-A38C-9C3EBC8F988D}.Debug|Any CPU.Build.0 = Debug|Any CPU
		{31F56431-2A88-44AA-A38C-9C3EBC8F988D}.Debug|x64.ActiveCfg = Debug|Any CPU
		{31F56431-2A88-44AA-A38C-9C3EBC8F988D}.Debug|x64.Build.0 = Debug|Any CPU
		{31F56431-2A88-44AA-A38C-9C3EBC8F988D}.Debug|x86.ActiveCfg = Debug|Any CPU
		{31F56431-2A88-44AA-A38C-9C3EBC8F988D}.Debug|x86.Build.0 = Debug|Any CPU
		{31F56431-2A88-44AA-A38C-9C3EBC8F988D}.Release|Any CPU.ActiveCfg = Release|Any CPU
		{31F56431-2A88-44AA-A38C-9C3EBC8F988D}.Release|Any CPU.Build.0 = Release|Any CPU
		{31F56431-2A88-44AA-A38C-9C3EBC8F988D}.Release|x64.ActiveCfg = Release|Any CPU
		{31F56431-2A88-44AA-A38C-9C3EBC8F988D}.Release|x64.Build.0 = Release|Any CPU
		{31F56431-2A88-44AA-A38C-9C3EBC8F988D}.Release|x86.ActiveCfg = Release|Any CPU
		{31F56431-2A88-44AA-A38C-9C3EBC8F988D}.Release|x86.Build.0 = Release|Any CPU

	EndGlobalSection
EndGlobal
