
Microsoft Visual Studio Solution File, Format Version 12.00
# Visual Studio Version 16
VisualStudioVersion = 16.0.30114.105
MinimumVisualStudioVersion = 10.0.40219.1
Project("{FAE04EC0-301F-11D3-BF4B-00C04F79EFBC}") = "Leap_Year", "Leap_Year\Leap_Year.csproj", "{618F6F60-FD5D-4B09-A6B7-9A70C4F66E62}"
EndProject
Project("{FAE04EC0-301F-11D3-BF4B-00C04F79EFBC}") = "Leap_Year.Test", "Leap_Year.Test\Leap_Year.Test.csproj", "{8D7A64FA-B76C-4849-A1B4-B7E4FE23F9BB}"
EndProject
Global
	GlobalSection(SolutionConfigurationPlatforms) = preSolution
		Debug|Any CPU = Debug|Any CPU
		Debug|x64 = Debug|x64
		Debug|x86 = Debug|x86
		Release|Any CPU = Release|Any CPU
		Release|x64 = Release|x64
		Release|x86 = Release|x86
	EndGlobalSection
	GlobalSection(SolutionProperties) = preSolution
		HideSolutionNode = FALSE
	EndGlobalSection
	GlobalSection(ProjectConfigurationPlatforms) = postSolution
		{618F6F60-FD5D-4B09-A6B7-9A70C4F66E62}.Debug|Any CPU.ActiveCfg = Debug|Any CPU
		{618F6F60-FD5D-4B09-A6B7-9A70C4F66E62}.Debug|Any CPU.Build.0 = Debug|Any CPU
		{618F6F60-FD5D-4B09-A6B7-9A70C4F66E62}.Debug|x64.ActiveCfg = Debug|Any CPU
		{618F6F60-FD5D-4B09-A6B7-9A70C4F66E62}.Debug|x64.Build.0 = Debug|Any CPU
		{618F6F60-FD5D-4B09-A6B7-9A70C4F66E62}.Debug|x86.ActiveCfg = Debug|Any CPU
		{618F6F60-FD5D-4B09-A6B7-9A70C4F66E62}.Debug|x86.Build.0 = Debug|Any CPU
		{618F6F60-FD5D-4B09-A6B7-9A70C4F66E62}.Release|Any CPU.ActiveCfg = Release|Any CPU
		{618F6F60-FD5D-4B09-A6B7-9A70C4F66E62}.Release|Any CPU.Build.0 = Release|Any CPU
		{618F6F60-FD5D-4B09-A6B7-9A70C4F66E62}.Release|x64.ActiveCfg = Release|Any CPU
		{618F6F60-FD5D-4B09-A6B7-9A70C4F66E62}.Release|x64.Build.0 = Release|Any CPU
		{618F6F60-FD5D-4B09-A6B7-9A70C4F66E62}.Release|x86.ActiveCfg = Release|Any CPU
		{618F6F60-FD5D-4B09-A6B7-9A70C4F66E62}.Release|x86.Build.0 = Release|Any CPU
		{8D7A64FA-B76C-4849-A1B4-B7E4FE23F9BB}.Debug|Any CPU.ActiveCfg = Debug|Any CPU
		{8D7A64FA-B76C-4849-A1B4-B7E4FE23F9BB}.Debug|Any CPU.Build.0 = Debug|Any CPU
		{8D7A64FA-B76C-4849-A1B4-B7E4FE23F9BB}.Debug|x64.ActiveCfg = Debug|Any CPU
		{8D7A64FA-B76C-4849-A1B4-B7E4FE23F9BB}.Debug|x64.Build.0 = Debug|Any CPU
		{8D7A64FA-B76C-4849-A1B4-B7E4FE23F9BB}.Debug|x86.ActiveCfg = Debug|Any CPU
		{8D7A64FA-B76C-4849-A1B4-B7E4FE23F9BB}.Debug|x86.Build.0 = Debug|Any CPU
		{8D7A64FA-B76C-4849-A1B4-B7E4FE23F9BB}.Release|Any CPU.ActiveCfg = Release|Any CPU
		{8D7A64FA-B76C-4849-A1B4-B7E4FE23F9BB}.Release|Any CPU.Build.0 = Release|Any CPU
		{8D7A64FA-B76C-4849-A1B4-B7E4FE23F9BB}.Release|x64.ActiveCfg = Release|Any CPU
		{8D7A64FA-B76C-4849-A1B4-B7E4FE23F9BB}.Release|x64.Build.0 = Release|Any CPU
		{8D7A64FA-B76C-4849-A1B4-B7E4FE23F9BB}.Release|x86.ActiveCfg = Release|Any CPU
		{8D7A64FA-B76C-4849-A1B4-B7E4FE23F9BB}.Release|x86.Build.0 = Release|Any CPU
	EndGlobalSection
EndGlobal
